
Microsoft Visual Studio Solution File, Format Version 12.00
# Visual Studio Version 16
VisualStudioVersion = 16.0.32510.428
MinimumVisualStudioVersion = 10.0.40219.1
Project("{FAE04EC0-301F-11D3-BF4B-00C04F79EFBC}") = "ProyectoDB2", "ProyectoDB2.csproj", "{333F38BA-3DEA-43C5-BA61-F9FEC76D38F3}"
EndProject
Global
	GlobalSection(SolutionConfigurationPlatforms) = preSolution
		Debug|Any CPU = Debug|Any CPU
		Release|Any CPU = Release|Any CPU
	EndGlobalSection
	GlobalSection(ProjectConfigurationPlatforms) = postSolution
		{333F38BA-3DEA-43C5-BA61-F9FEC76D38F3}.Debug|Any CPU.ActiveCfg = Debug|Any CPU
		{333F38BA-3DEA-43C5-BA61-F9FEC76D38F3}.Debug|Any CPU.Build.0 = Debug|Any CPU
		{333F38BA-3DEA-43C5-BA61-F9FEC76D38F3}.Release|Any CPU.ActiveCfg = Release|Any CPU
		{333F38BA-3DEA-43C5-BA61-F9FEC76D38F3}.Release|Any CPU.Build.0 = Release|Any CPU
	EndGlobalSection
	GlobalSection(SolutionProperties) = preSolution
		HideSolutionNode = FALSE
	EndGlobalSection
	GlobalSection(ExtensibilityGlobals) = postSolution
		SolutionGuid = {2AAE769B-7EA9-4A02-A530-5CB22DF668ED}
	EndGlobalSection
EndGlobal
